
Microsoft Visual Studio Solution File, Format Version 12.00
# Visual Studio Version 16
VisualStudioVersion = 16.0.30225.117
MinimumVisualStudioVersion = 10.0.40219.1
Project("{FAE04EC0-301F-11D3-BF4B-00C04F79EFBC}") = "Demo_exercise_1", "Demo_exercise_1\Demo_exercise_1.csproj", "{15921176-4DDB-40F1-A041-151CD6213F68}"
EndProject
Project("{FAE04EC0-301F-11D3-BF4B-00C04F79EFBC}") = "exchanging_variables", "exchanging_variables\exchanging_variables.csproj", "{BF1E6CCD-D40D-42A9-9FF7-900253F27BEE}"
EndProject
Project("{FAE04EC0-301F-11D3-BF4B-00C04F79EFBC}") = "largest_of_three_numbers", "largest_of_three_numbers\largest_of_three_numbers.csproj", "{CDBB8191-0492-414B-BA49-C87472801CF0}"
EndProject
Project("{FAE04EC0-301F-11D3-BF4B-00C04F79EFBC}") = "sum_of_digits_in_given_number", "sum_of_digits_in_given_number\sum_of_digits_in_given_number.csproj", "{84D90652-BF85-4C52-BD04-CACE5455F4DA}"
EndProject
Project("{FAE04EC0-301F-11D3-BF4B-00C04F79EFBC}") = "factorial_of_given_number", "factorial_of_given_number\factorial_of_given_number.csproj", "{A066881C-2EF0-439B-B258-34D640793AE5}"
EndProject
Global
	GlobalSection(SolutionConfigurationPlatforms) = preSolution
		Debug|Any CPU = Debug|Any CPU
		Release|Any CPU = Release|Any CPU
	EndGlobalSection
	GlobalSection(ProjectConfigurationPlatforms) = postSolution
		{15921176-4DDB-40F1-A041-151CD6213F68}.Debug|Any CPU.ActiveCfg = Debug|Any CPU
		{15921176-4DDB-40F1-A041-151CD6213F68}.Debug|Any CPU.Build.0 = Debug|Any CPU
		{15921176-4DDB-40F1-A041-151CD6213F68}.Release|Any CPU.ActiveCfg = Release|Any CPU
		{15921176-4DDB-40F1-A041-151CD6213F68}.Release|Any CPU.Build.0 = Release|Any CPU
		{BF1E6CCD-D40D-42A9-9FF7-900253F27BEE}.Debug|Any CPU.ActiveCfg = Debug|Any CPU
		{BF1E6CCD-D40D-42A9-9FF7-900253F27BEE}.Debug|Any CPU.Build.0 = Debug|Any CPU
		{BF1E6CCD-D40D-42A9-9FF7-900253F27BEE}.Release|Any CPU.ActiveCfg = Release|Any CPU
		{BF1E6CCD-D40D-42A9-9FF7-900253F27BEE}.Release|Any CPU.Build.0 = Release|Any CPU
		{CDBB8191-0492-414B-BA49-C87472801CF0}.Debug|Any CPU.ActiveCfg = Debug|Any CPU
		{CDBB8191-0492-414B-BA49-C87472801CF0}.Debug|Any CPU.Build.0 = Debug|Any CPU
		{CDBB8191-0492-414B-BA49-C87472801CF0}.Release|Any CPU.ActiveCfg = Release|Any CPU
		{CDBB8191-0492-414B-BA49-C87472801CF0}.Release|Any CPU.Build.0 = Release|Any CPU
		{84D90652-BF85-4C52-BD04-CACE5455F4DA}.Debug|Any CPU.ActiveCfg = Debug|Any CPU
		{84D90652-BF85-4C52-BD04-CACE5455F4DA}.Debug|Any CPU.Build.0 = Debug|Any CPU
		{84D90652-BF85-4C52-BD04-CACE5455F4DA}.Release|Any CPU.ActiveCfg = Release|Any CPU
		{84D90652-BF85-4C52-BD04-CACE5455F4DA}.Release|Any CPU.Build.0 = Release|Any CPU
		{A066881C-2EF0-439B-B258-34D640793AE5}.Debug|Any CPU.ActiveCfg = Debug|Any CPU
		{A066881C-2EF0-439B-B258-34D640793AE5}.Debug|Any CPU.Build.0 = Debug|Any CPU
		{A066881C-2EF0-439B-B258-34D640793AE5}.Release|Any CPU.ActiveCfg = Release|Any CPU
		{A066881C-2EF0-439B-B258-34D640793AE5}.Release|Any CPU.Build.0 = Release|Any CPU
	EndGlobalSection
	GlobalSection(SolutionProperties) = preSolution
		HideSolutionNode = FALSE
	EndGlobalSection
	GlobalSection(ExtensibilityGlobals) = postSolution
		SolutionGuid = {3F41926D-B745-44B9-ABFE-96525156562B}
	EndGlobalSection
EndGlobal
